
Microsoft Visual Studio Solution File, Format Version 12.00
# Visual Studio Version 17
VisualStudioVersion = 17.3.32901.215
MinimumVisualStudioVersion = 10.0.40219.1
Project("{FAE04EC0-301F-11D3-BF4B-00C04F79EFBC}") = "WordCounter", "WordCounter\WordCounter.csproj", "{74BF0B83-7167-457D-8576-3B8AB11200BA}"
EndProject
Global
	GlobalSection(SolutionConfigurationPlatforms) = preSolution
		Debug|Any CPU = Debug|Any CPU
		Release|Any CPU = Release|Any CPU
	EndGlobalSection
	GlobalSection(ProjectConfigurationPlatforms) = postSolution
		{74BF0B83-7167-457D-8576-3B8AB11200BA}.Debug|Any CPU.ActiveCfg = Debug|Any CPU
		{74BF0B83-7167-457D-8576-3B8AB11200BA}.Debug|Any CPU.Build.0 = Debug|Any CPU
		{74BF0B83-7167-457D-8576-3B8AB11200BA}.Release|Any CPU.ActiveCfg = Release|Any CPU
		{74BF0B83-7167-457D-8576-3B8AB11200BA}.Release|Any CPU.Build.0 = Release|Any CPU
	EndGlobalSection
	GlobalSection(SolutionProperties) = preSolution
		HideSolutionNode = FALSE
	EndGlobalSection
	GlobalSection(ExtensibilityGlobals) = postSolution
		SolutionGuid = {BB6CD506-800D-42C5-AF23-B27C8C9F834C}
	EndGlobalSection
EndGlobal
